
Microsoft Visual Studio Solution File, Format Version 12.00
# Visual Studio Version 17
VisualStudioVersion = 17.5.33424.131
MinimumVisualStudioVersion = 10.0.40219.1
Project("{FAE04EC0-301F-11D3-BF4B-00C04F79EFBC}") = "RailRideBMXHexagonale", "RailRideBMXHexagonale\RailRideBMXHexagonale.csproj", "{038FE369-2DF2-441E-913E-2D183240416A}"
EndProject
Project("{FAE04EC0-301F-11D3-BF4B-00C04F79EFBC}") = "Core", "Core\Core.csproj", "{52067177-8BEB-407D-9E18-B3F27CA2EBBE}"
EndProject
Project("{FAE04EC0-301F-11D3-BF4B-00C04F79EFBC}") = "Infrastructure", "Infrastructure\Infrastructure.csproj", "{ECF6797B-D48D-4136-8904-D9874BFF9F39}"
EndProject
Project("{FAE04EC0-301F-11D3-BF4B-00C04F79EFBC}") = "Application", "Application\Application.csproj", "{0B17560F-69BC-4AEA-A955-136F5A3ACD40}"
EndProject
Global
	GlobalSection(SolutionConfigurationPlatforms) = preSolution
		Debug|Any CPU = Debug|Any CPU
		Release|Any CPU = Release|Any CPU
	EndGlobalSection
	GlobalSection(ProjectConfigurationPlatforms) = postSolution
		{038FE369-2DF2-441E-913E-2D183240416A}.Debug|Any CPU.ActiveCfg = Debug|Any CPU
		{038FE369-2DF2-441E-913E-2D183240416A}.Debug|Any CPU.Build.0 = Debug|Any CPU
		{038FE369-2DF2-441E-913E-2D183240416A}.Release|Any CPU.ActiveCfg = Release|Any CPU
		{038FE369-2DF2-441E-913E-2D183240416A}.Release|Any CPU.Build.0 = Release|Any CPU
		{52067177-8BEB-407D-9E18-B3F27CA2EBBE}.Debug|Any CPU.ActiveCfg = Debug|Any CPU
		{52067177-8BEB-407D-9E18-B3F27CA2EBBE}.Debug|Any CPU.Build.0 = Debug|Any CPU
		{52067177-8BEB-407D-9E18-B3F27CA2EBBE}.Release|Any CPU.ActiveCfg = Release|Any CPU
		{52067177-8BEB-407D-9E18-B3F27CA2EBBE}.Release|Any CPU.Build.0 = Release|Any CPU
		{ECF6797B-D48D-4136-8904-D9874BFF9F39}.Debug|Any CPU.ActiveCfg = Debug|Any CPU
		{ECF6797B-D48D-4136-8904-D9874BFF9F39}.Debug|Any CPU.Build.0 = Debug|Any CPU
		{ECF6797B-D48D-4136-8904-D9874BFF9F39}.Release|Any CPU.ActiveCfg = Release|Any CPU
		{ECF6797B-D48D-4136-8904-D9874BFF9F39}.Release|Any CPU.Build.0 = Release|Any CPU
		{0B17560F-69BC-4AEA-A955-136F5A3ACD40}.Debug|Any CPU.ActiveCfg = Debug|Any CPU
		{0B17560F-69BC-4AEA-A955-136F5A3ACD40}.Debug|Any CPU.Build.0 = Debug|Any CPU
		{0B17560F-69BC-4AEA-A955-136F5A3ACD40}.Release|Any CPU.ActiveCfg = Release|Any CPU
		{0B17560F-69BC-4AEA-A955-136F5A3ACD40}.Release|Any CPU.Build.0 = Release|Any CPU
	EndGlobalSection
	GlobalSection(SolutionProperties) = preSolution
		HideSolutionNode = FALSE
	EndGlobalSection
	GlobalSection(ExtensibilityGlobals) = postSolution
		SolutionGuid = {DB13380F-1C3E-43B0-9CD8-5626B259BE73}
	EndGlobalSection
EndGlobal
